
Microsoft Visual Studio Solution File, Format Version 12.00
# Visual Studio Version 17
VisualStudioVersion = 17.14.36518.9 d17.14
MinimumVisualStudioVersion = 10.0.40219.1
Project("{FAE04EC0-301F-11D3-BF4B-00C04F79EFBC}") = "Colegio San Jose", "Colegio San Jose\Colegio San Jose.csproj", "{B056F9F8-9280-418B-B32D-CF56A01F4275}"
EndProject
Global
	GlobalSection(SolutionConfigurationPlatforms) = preSolution
		Debug|Any CPU = Debug|Any CPU
		Release|Any CPU = Release|Any CPU
	EndGlobalSection
	GlobalSection(ProjectConfigurationPlatforms) = postSolution
		{B056F9F8-9280-418B-B32D-CF56A01F4275}.Debug|Any CPU.ActiveCfg = Debug|Any CPU
		{B056F9F8-9280-418B-B32D-CF56A01F4275}.Debug|Any CPU.Build.0 = Debug|Any CPU
		{B056F9F8-9280-418B-B32D-CF56A01F4275}.Release|Any CPU.ActiveCfg = Release|Any CPU
		{B056F9F8-9280-418B-B32D-CF56A01F4275}.Release|Any CPU.Build.0 = Release|Any CPU
	EndGlobalSection
	GlobalSection(SolutionProperties) = preSolution
		HideSolutionNode = FALSE
	EndGlobalSection
	GlobalSection(ExtensibilityGlobals) = postSolution
		SolutionGuid = {073F26EA-8DB2-4A38-B6B7-FD1373DCE8A4}
	EndGlobalSection
EndGlobal
